{
  "name": "Backend",
  "lockfileVersion": 3,
  "requires": true,
  "packages": {
    "": {
      "dependencies": {
        "figlet": "^1.7.0"
      },
      "devDependencies": {
        "husky": "^9.1.6"
      }
    },
    "C:/Users/sudes/npm-global/node_modules/figlet": {
      "version": "1.7.0",
      "extraneous": true,
      "license": "MIT",
      "bin": {
        "figlet": "bin/index.js"
      },
      "devDependencies": {
        "async": "~3.2.4",
        "grunt": "^1.6.1",
        "grunt-contrib-clean": "~2.0.1",
        "grunt-contrib-jshint": "^3.2.0",
        "grunt-contrib-nodeunit": "~5.0.0",
        "grunt-contrib-uglify": "^5.2.2",
        "husky": "^8.0.3",
        "lint-staged": "^13.2.1",
        "prettier": "2.8.7"
      },
      "engines": {
        "node": ">= 0.4.0"
      }
    },
    "node_modules/figlet": {
      "version": "1.7.0",
      "resolved": "https://registry.npmjs.org/figlet/-/figlet-1.7.0.tgz",
      "integrity": "sha512-gO8l3wvqo0V7wEFLXPbkX83b7MVjRrk1oRLfYlZXol8nEpb/ON9pcKLI4qpBv5YtOTfrINtqb7b40iYY2FTWFg==",
      "bin": {
        "figlet": "bin/index.js"
      },
      "engines": {
        "node": ">= 0.4.0"
      }
    },
    "node_modules/husky": {
      "version": "9.1.6",
      "resolved": "https://registry.npmjs.org/husky/-/husky-9.1.6.tgz",
      "integrity": "sha512-sqbjZKK7kf44hfdE94EoX8MZNk0n7HeW37O4YrVGCF4wzgQjp+akPAkfUK5LZ6KuR/6sqeAVuXHji+RzQgOn5A==",
      "dev": true,
      "bin": {
        "husky": "bin.js"
      },
      "engines": {
        "node": ">=18"
      },
      "funding": {
        "url": "https://github.com/sponsors/typicode"
      }
    }
  }
}
